
Microsoft Visual Studio Solution File, Format Version 12.00
# Visual Studio 14
VisualStudioVersion = 14.0.21730.1
MinimumVisualStudioVersion = 10.0.40219.1
Project("{8BB2217D-0F2D-49D1-97BC-3654ED321F3B}") = "HelloScriptCs", "src\HelloScriptCs\HelloScriptCs.kproj", "{A595E920-DC9A-4AB9-9ABB-3AB177FC0242}"
EndProject
Project("{8BB2217D-0F2D-49D1-97BC-3654ED321F3B}") = "ScriptCsLoader", "src\ScriptCsLoader\ScriptCsLoader.kproj", "{79EC9E16-7C06-4E1E-AA9B-E1B6CE6E5072}"
EndProject
Global
	GlobalSection(SolutionConfigurationPlatforms) = preSolution
		Debug|Any CPU = Debug|Any CPU
		Release|Any CPU = Release|Any CPU
	EndGlobalSection
	GlobalSection(ProjectConfigurationPlatforms) = postSolution
		{A595E920-DC9A-4AB9-9ABB-3AB177FC0242}.Debug|Any CPU.ActiveCfg = Debug|Any CPU
		{A595E920-DC9A-4AB9-9ABB-3AB177FC0242}.Debug|Any CPU.Build.0 = Debug|Any CPU
		{A595E920-DC9A-4AB9-9ABB-3AB177FC0242}.Release|Any CPU.ActiveCfg = Release|Any CPU
		{A595E920-DC9A-4AB9-9ABB-3AB177FC0242}.Release|Any CPU.Build.0 = Release|Any CPU
		{79EC9E16-7C06-4E1E-AA9B-E1B6CE6E5072}.Debug|Any CPU.ActiveCfg = Debug|Any CPU
		{79EC9E16-7C06-4E1E-AA9B-E1B6CE6E5072}.Debug|Any CPU.Build.0 = Debug|Any CPU
		{79EC9E16-7C06-4E1E-AA9B-E1B6CE6E5072}.Release|Any CPU.ActiveCfg = Release|Any CPU
		{79EC9E16-7C06-4E1E-AA9B-E1B6CE6E5072}.Release|Any CPU.Build.0 = Release|Any CPU
	EndGlobalSection
	GlobalSection(SolutionProperties) = preSolution
		HideSolutionNode = FALSE
	EndGlobalSection
EndGlobal
